# This file is automatically @generated by Cargo.
# It is not intended for manual editing.
version = 4

[[package]]
name = "puzzle01"
version = "0.1.0"

[[package]]
name = "puzzle02"
version = "0.1.0"

[[package]]
name = "puzzle03"
version = "0.1.0"

[[package]]
name = "puzzle04"
version = "0.1.0"

[[package]]
name = "puzzle05"
version = "0.1.0"

[[package]]
name = "puzzle06"
version = "0.1.0"
